
Microsoft Visual Studio Solution File, Format Version 12.00
# Visual Studio Version 17
VisualStudioVersion = 17.1.32319.34
MinimumVisualStudioVersion = 10.0.40219.1
Project("{9A19103F-16F7-4668-BE54-9A1E7A4F7556}") = "Kyowon_Toy", "Kyowon_Toy\Kyowon_Toy.csproj", "{AAE62BAB-C0B5-4B1D-9D04-8555066D34A5}"
EndProject
Project("{9A19103F-16F7-4668-BE54-9A1E7A4F7556}") = "WebApplication1", "..\WebApplication1\WebApplication1\WebApplication1.csproj", "{2C926EC3-58E0-492F-B1A0-C6859FF5BD7A}"
EndProject
Project("{FAE04EC0-301F-11D3-BF4B-00C04F79EFBC}") = "KyowonToy.lib", "KyowonToy.lib\KyowonToy.lib.csproj", "{27EAC6AF-DE49-4BF5-93AB-86064AEC69B0}"
EndProject
Global
	GlobalSection(SolutionConfigurationPlatforms) = preSolution
		Debug|Any CPU = Debug|Any CPU
		Release|Any CPU = Release|Any CPU
	EndGlobalSection
	GlobalSection(ProjectConfigurationPlatforms) = postSolution
		{AAE62BAB-C0B5-4B1D-9D04-8555066D34A5}.Debug|Any CPU.ActiveCfg = Debug|Any CPU
		{AAE62BAB-C0B5-4B1D-9D04-8555066D34A5}.Debug|Any CPU.Build.0 = Debug|Any CPU
		{AAE62BAB-C0B5-4B1D-9D04-8555066D34A5}.Release|Any CPU.ActiveCfg = Release|Any CPU
		{AAE62BAB-C0B5-4B1D-9D04-8555066D34A5}.Release|Any CPU.Build.0 = Release|Any CPU
		{2C926EC3-58E0-492F-B1A0-C6859FF5BD7A}.Debug|Any CPU.ActiveCfg = Debug|Any CPU
		{2C926EC3-58E0-492F-B1A0-C6859FF5BD7A}.Debug|Any CPU.Build.0 = Debug|Any CPU
		{2C926EC3-58E0-492F-B1A0-C6859FF5BD7A}.Release|Any CPU.ActiveCfg = Release|Any CPU
		{2C926EC3-58E0-492F-B1A0-C6859FF5BD7A}.Release|Any CPU.Build.0 = Release|Any CPU
		{27EAC6AF-DE49-4BF5-93AB-86064AEC69B0}.Debug|Any CPU.ActiveCfg = Debug|Any CPU
		{27EAC6AF-DE49-4BF5-93AB-86064AEC69B0}.Debug|Any CPU.Build.0 = Debug|Any CPU
		{27EAC6AF-DE49-4BF5-93AB-86064AEC69B0}.Release|Any CPU.ActiveCfg = Release|Any CPU
		{27EAC6AF-DE49-4BF5-93AB-86064AEC69B0}.Release|Any CPU.Build.0 = Release|Any CPU
	EndGlobalSection
	GlobalSection(SolutionProperties) = preSolution
		HideSolutionNode = FALSE
	EndGlobalSection
	GlobalSection(ExtensibilityGlobals) = postSolution
		SolutionGuid = {17713F16-3677-4417-A4FD-89B83C1AA196}
	EndGlobalSection
EndGlobal
